
Microsoft Visual Studio Solution File, Format Version 12.00
# Visual Studio 2013
VisualStudioVersion = 12.0.30501.0
MinimumVisualStudioVersion = 10.0.40219.1
Project("{FAE04EC0-301F-11D3-BF4B-00C04F79EFBC}") = "Gsb_Hopital_Version1", "Gsb_Hopital_Version1\Gsb_Hopital_Version1.csproj", "{70359A6C-27BD-4B28-BE9D-E743C5A2F2E5}"
EndProject
Global
	GlobalSection(SolutionConfigurationPlatforms) = preSolution
		Debug|Any CPU = Debug|Any CPU
		Release|Any CPU = Release|Any CPU
	EndGlobalSection
	GlobalSection(ProjectConfigurationPlatforms) = postSolution
		{70359A6C-27BD-4B28-BE9D-E743C5A2F2E5}.Debug|Any CPU.ActiveCfg = Debug|Any CPU
		{70359A6C-27BD-4B28-BE9D-E743C5A2F2E5}.Debug|Any CPU.Build.0 = Debug|Any CPU
		{70359A6C-27BD-4B28-BE9D-E743C5A2F2E5}.Release|Any CPU.ActiveCfg = Release|Any CPU
		{70359A6C-27BD-4B28-BE9D-E743C5A2F2E5}.Release|Any CPU.Build.0 = Release|Any CPU
	EndGlobalSection
	GlobalSection(SolutionProperties) = preSolution
		HideSolutionNode = FALSE
	EndGlobalSection
EndGlobal
